
Microsoft Visual Studio Solution File, Format Version 12.00
# Visual Studio 15
VisualStudioVersion = 15.0.27130.2036
MinimumVisualStudioVersion = 10.0.40219.1
Project("{FAE04EC0-301F-11D3-BF4B-00C04F79EFBC}") = "helper", "helper\helper.csproj", "{43E16AC2-FCE6-48CD-AEE4-ABC619EF88A6}"
EndProject
Project("{FAE04EC0-301F-11D3-BF4B-00C04F79EFBC}") = "helperTest", "helperTest\helperTest.csproj", "{9F78B545-75AA-48A4-A73F-92B537CB3BDE}"
EndProject
Global
	GlobalSection(SolutionConfigurationPlatforms) = preSolution
		Debug|Any CPU = Debug|Any CPU
		Release|Any CPU = Release|Any CPU
	EndGlobalSection
	GlobalSection(ProjectConfigurationPlatforms) = postSolution
		{43E16AC2-FCE6-48CD-AEE4-ABC619EF88A6}.Debug|Any CPU.ActiveCfg = Debug|Any CPU
		{43E16AC2-FCE6-48CD-AEE4-ABC619EF88A6}.Debug|Any CPU.Build.0 = Debug|Any CPU
		{43E16AC2-FCE6-48CD-AEE4-ABC619EF88A6}.Release|Any CPU.ActiveCfg = Release|Any CPU
		{43E16AC2-FCE6-48CD-AEE4-ABC619EF88A6}.Release|Any CPU.Build.0 = Release|Any CPU
		{9F78B545-75AA-48A4-A73F-92B537CB3BDE}.Debug|Any CPU.ActiveCfg = Debug|Any CPU
		{9F78B545-75AA-48A4-A73F-92B537CB3BDE}.Debug|Any CPU.Build.0 = Debug|Any CPU
		{9F78B545-75AA-48A4-A73F-92B537CB3BDE}.Release|Any CPU.ActiveCfg = Release|Any CPU
		{9F78B545-75AA-48A4-A73F-92B537CB3BDE}.Release|Any CPU.Build.0 = Release|Any CPU
	EndGlobalSection
	GlobalSection(SolutionProperties) = preSolution
		HideSolutionNode = FALSE
	EndGlobalSection
	GlobalSection(ExtensibilityGlobals) = postSolution
		SolutionGuid = {A6FE6ECE-5477-473D-9E88-03B173F492AA}
	EndGlobalSection
EndGlobal
